// !$*UTF8*$!
{
	archiveVersion = 1;
	classes = {
	};
	objectVersion = 56;
	objects = {

/* Begin PBXBuildFile section */
		B84FC750EA3518A4D30E6FA5 /* libPods-Flashcards.a in Frameworks */ = {isa = PBXBuildFile; fileRef = 4A58792C0C81FEC21E7D9F34 /* libPods-Flashcards.a */; };
		E27DB87429EC9D3600D3D974 /* ConfettiSwiftUI in Frameworks */ = {isa = PBXBuildFile; productRef = E27DB87329EC9D3600D3D974 /* ConfettiSwiftUI */; };
		E2881C4229E09F9300AD69A4 /* FlashcardsApp.swift in Sources */ = {isa = PBXBuildFile; fileRef = E2881C4129E09F9300AD69A4 /* FlashcardsApp.swift */; };
		E2881C4429E09F9300AD69A4 /* ContentView.swift in Sources */ = {isa = PBXBuildFile; fileRef = E2881C4329E09F9300AD69A4 /* ContentView.swift */; };
		E2881C4629E09F9700AD69A4 /* Assets.xcassets in Resources */ = {isa = PBXBuildFile; fileRef = E2881C4529E09F9700AD69A4 /* Assets.xcassets */; };
		E2881C4929E09F9700AD69A4 /* Preview Assets.xcassets in Resources */ = {isa = PBXBuildFile; fileRef = E2881C4829E09F9700AD69A4 /* Preview Assets.xcassets */; };
		E2881C5029E0A23200AD69A4 /* Card.swift in Sources */ = {isa = PBXBuildFile; fileRef = E2881C4F29E0A23200AD69A4 /* Card.swift */; };
		E2881C5229E0A25200AD69A4 /* CardView.swift in Sources */ = {isa = PBXBuildFile; fileRef = E2881C5129E0A25200AD69A4 /* CardView.swift */; };
		E2881C5429E432F100AD69A4 /* TranslationListView.swift in Sources */ = {isa = PBXBuildFile; fileRef = E2881C5329E432F100AD69A4 /* TranslationListView.swift */; };
		E2881C5629E4334200AD69A4 /* FlashcardView.swift in Sources */ = {isa = PBXBuildFile; fileRef = E2881C5529E4334200AD69A4 /* FlashcardView.swift */; };
		E2881C5829E45BC000AD69A4 /* TranslationStore.swift in Sources */ = {isa = PBXBuildFile; fileRef = E2881C5729E45BC000AD69A4 /* TranslationStore.swift */; };
		E2881C5A29E468B000AD69A4 /* TranslatedItem.swift in Sources */ = {isa = PBXBuildFile; fileRef = E2881C5929E468B000AD69A4 /* TranslatedItem.swift */; };
		E2881C5E29E4A36200AD69A4 /* RadioStations.swift in Sources */ = {isa = PBXBuildFile; fileRef = E2881C5D29E4A36200AD69A4 /* RadioStations.swift */; };
		E2881C6029E4A38100AD69A4 /* SoundManager.swift in Sources */ = {isa = PBXBuildFile; fileRef = E2881C5F29E4A38100AD69A4 /* SoundManager.swift */; };
		E2881C6229E4A39900AD69A4 /* PublicationView.swift in Sources */ = {isa = PBXBuildFile; fileRef = E2881C6129E4A39900AD69A4 /* PublicationView.swift */; };
		E2881C6429E4A3B600AD69A4 /* Publication.swift in Sources */ = {isa = PBXBuildFile; fileRef = E2881C6329E4A3B600AD69A4 /* Publication.swift */; };
		E2881C6629E4A3CE00AD69A4 /* RadioStationView.swift in Sources */ = {isa = PBXBuildFile; fileRef = E2881C6529E4A3CE00AD69A4 /* RadioStationView.swift */; };
		E2881C6829E4A3E600AD69A4 /* WebView.swift in Sources */ = {isa = PBXBuildFile; fileRef = E2881C6729E4A3E600AD69A4 /* WebView.swift */; };
		E2881C7829E6AE2C00AD69A4 /* Launch Screen.storyboard in Resources */ = {isa = PBXBuildFile; fileRef = E2881C7729E6AE2C00AD69A4 /* Launch Screen.storyboard */; };
		E2881C7C29E6B2FD00AD69A4 /* JornaisListView.swift in Sources */ = {isa = PBXBuildFile; fileRef = E2881C7B29E6B2FD00AD69A4 /* JornaisListView.swift */; };
		E2881C7E29E6B3C100AD69A4 /* RadioListView.swift in Sources */ = {isa = PBXBuildFile; fileRef = E2881C7D29E6B3C100AD69A4 /* RadioListView.swift */; };
		E2881C8229E7744100AD69A4 /* NowPlayingBar.swift in Sources */ = {isa = PBXBuildFile; fileRef = E2881C8129E7744100AD69A4 /* NowPlayingBar.swift */; };
		E2B7E6E229FD9FD1007459E6 /* GeneratedTranslationItems.swift in Sources */ = {isa = PBXBuildFile; fileRef = E2B7E6E129FD9FD1007459E6 /* GeneratedTranslationItems.swift */; };
		E2C764C929E83D590062C485 /* MatchesView.swift in Sources */ = {isa = PBXBuildFile; fileRef = E2C764C829E83D590062C485 /* MatchesView.swift */; };
		E2C764CF29E86AC90062C485 /* MatchesCardView.swift in Sources */ = {isa = PBXBuildFile; fileRef = E2C764CE29E86AC90062C485 /* MatchesCardView.swift */; };
		E2C764D129E86E010062C485 /* Utils.swift in Sources */ = {isa = PBXBuildFile; fileRef = E2C764D029E86E010062C485 /* Utils.swift */; };
		E2C764D329E8B2330062C485 /* Colors.swift in Sources */ = {isa = PBXBuildFile; fileRef = E2C764D229E8B2330062C485 /* Colors.swift */; };
/* End PBXBuildFile section */

/* Begin PBXFileReference section */
		2B50B7305E268769D36C571F /* Pods-Flashcards.debug.xcconfig */ = {isa = PBXFileReference; includeInIndex = 1; lastKnownFileType = text.xcconfig; name = "Pods-Flashcards.debug.xcconfig"; path = "Target Support Files/Pods-Flashcards/Pods-Flashcards.debug.xcconfig"; sourceTree = "<group>"; };
		4A58792C0C81FEC21E7D9F34 /* libPods-Flashcards.a */ = {isa = PBXFileReference; explicitFileType = archive.ar; includeInIndex = 0; path = "libPods-Flashcards.a"; sourceTree = BUILT_PRODUCTS_DIR; };
		7908F68D2225E78230113298 /* Pods-Flashcards.release.xcconfig */ = {isa = PBXFileReference; includeInIndex = 1; lastKnownFileType = text.xcconfig; name = "Pods-Flashcards.release.xcconfig"; path = "Target Support Files/Pods-Flashcards/Pods-Flashcards.release.xcconfig"; sourceTree = "<group>"; };
		E2881C3E29E09F9300AD69A4 /* Flashcards.app */ = {isa = PBXFileReference; explicitFileType = wrapper.application; includeInIndex = 0; path = Flashcards.app; sourceTree = BUILT_PRODUCTS_DIR; };
		E2881C4129E09F9300AD69A4 /* FlashcardsApp.swift */ = {isa = PBXFileReference; lastKnownFileType = sourcecode.swift; path = FlashcardsApp.swift; sourceTree = "<group>"; };
		E2881C4329E09F9300AD69A4 /* ContentView.swift */ = {isa = PBXFileReference; lastKnownFileType = sourcecode.swift; path = ContentView.swift; sourceTree = "<group>"; };
		E2881C4529E09F9700AD69A4 /* Assets.xcassets */ = {isa = PBXFileReference; lastKnownFileType = folder.assetcatalog; path = Assets.xcassets; sourceTree = "<group>"; };
		E2881C4829E09F9700AD69A4 /* Preview Assets.xcassets */ = {isa = PBXFileReference; lastKnownFileType = folder.assetcatalog; path = "Preview Assets.xcassets"; sourceTree = "<group>"; };
		E2881C4F29E0A23200AD69A4 /* Card.swift */ = {isa = PBXFileReference; lastKnownFileType = sourcecode.swift; path = Card.swift; sourceTree = "<group>"; };
		E2881C5129E0A25200AD69A4 /* CardView.swift */ = {isa = PBXFileReference; lastKnownFileType = sourcecode.swift; path = CardView.swift; sourceTree = "<group>"; };
		E2881C5329E432F100AD69A4 /* TranslationListView.swift */ = {isa = PBXFileReference; lastKnownFileType = sourcecode.swift; path = TranslationListView.swift; sourceTree = "<group>"; };
		E2881C5529E4334200AD69A4 /* FlashcardView.swift */ = {isa = PBXFileReference; lastKnownFileType = sourcecode.swift; path = FlashcardView.swift; sourceTree = "<group>"; };
		E2881C5729E45BC000AD69A4 /* TranslationStore.swift */ = {isa = PBXFileReference; lastKnownFileType = sourcecode.swift; path = TranslationStore.swift; sourceTree = "<group>"; };
		E2881C5929E468B000AD69A4 /* TranslatedItem.swift */ = {isa = PBXFileReference; lastKnownFileType = sourcecode.swift; path = TranslatedItem.swift; sourceTree = "<group>"; };
		E2881C5D29E4A36200AD69A4 /* RadioStations.swift */ = {isa = PBXFileReference; lastKnownFileType = sourcecode.swift; path = RadioStations.swift; sourceTree = "<group>"; };
		E2881C5F29E4A38100AD69A4 /* SoundManager.swift */ = {isa = PBXFileReference; lastKnownFileType = sourcecode.swift; path = SoundManager.swift; sourceTree = "<group>"; };
		E2881C6129E4A39900AD69A4 /* PublicationView.swift */ = {isa = PBXFileReference; lastKnownFileType = sourcecode.swift; path = PublicationView.swift; sourceTree = "<group>"; };
		E2881C6329E4A3B600AD69A4 /* Publication.swift */ = {isa = PBXFileReference; lastKnownFileType = sourcecode.swift; path = Publication.swift; sourceTree = "<group>"; };
		E2881C6529E4A3CE00AD69A4 /* RadioStationView.swift */ = {isa = PBXFileReference; lastKnownFileType = sourcecode.swift; path = RadioStationView.swift; sourceTree = "<group>"; };
		E2881C6729E4A3E600AD69A4 /* WebView.swift */ = {isa = PBXFileReference; lastKnownFileType = sourcecode.swift; path = WebView.swift; sourceTree = "<group>"; };
		E2881C7529E602F300AD69A4 /* Config.xcconfig */ = {isa = PBXFileReference; lastKnownFileType = text.xcconfig; path = Config.xcconfig; sourceTree = "<group>"; };
		E2881C7629E605C500AD69A4 /* Info.plist */ = {isa = PBXFileReference; lastKnownFileType = text.plist; path = Info.plist; sourceTree = "<group>"; };
		E2881C7729E6AE2C00AD69A4 /* Launch Screen.storyboard */ = {isa = PBXFileReference; lastKnownFileType = file.storyboard; path = "Launch Screen.storyboard"; sourceTree = "<group>"; };
		E2881C7B29E6B2FD00AD69A4 /* JornaisListView.swift */ = {isa = PBXFileReference; lastKnownFileType = sourcecode.swift; path = JornaisListView.swift; sourceTree = "<group>"; };
		E2881C7D29E6B3C100AD69A4 /* RadioListView.swift */ = {isa = PBXFileReference; lastKnownFileType = sourcecode.swift; path = RadioListView.swift; sourceTree = "<group>"; };
		E2881C8129E7744100AD69A4 /* NowPlayingBar.swift */ = {isa = PBXFileReference; lastKnownFileType = sourcecode.swift; path = NowPlayingBar.swift; sourceTree = "<group>"; };
		E2B7E6E129FD9FD1007459E6 /* GeneratedTranslationItems.swift */ = {isa = PBXFileReference; lastKnownFileType = sourcecode.swift; path = GeneratedTranslationItems.swift; sourceTree = "<group>"; };
		E2C764C829E83D590062C485 /* MatchesView.swift */ = {isa = PBXFileReference; lastKnownFileType = sourcecode.swift; path = MatchesView.swift; sourceTree = "<group>"; };
		E2C764CE29E86AC90062C485 /* MatchesCardView.swift */ = {isa = PBXFileReference; lastKnownFileType = sourcecode.swift; path = MatchesCardView.swift; sourceTree = "<group>"; };
		E2C764D029E86E010062C485 /* Utils.swift */ = {isa = PBXFileReference; lastKnownFileType = sourcecode.swift; path = Utils.swift; sourceTree = "<group>"; };
		E2C764D229E8B2330062C485 /* Colors.swift */ = {isa = PBXFileReference; lastKnownFileType = sourcecode.swift; path = Colors.swift; sourceTree = "<group>"; };
/* End PBXFileReference section */

/* Begin PBXFrameworksBuildPhase section */
		E2881C3B29E09F9300AD69A4 /* Frameworks */ = {
			isa = PBXFrameworksBuildPhase;
			buildActionMask = 2147483647;
			files = (
				E27DB87429EC9D3600D3D974 /* ConfettiSwiftUI in Frameworks */,
				B84FC750EA3518A4D30E6FA5 /* libPods-Flashcards.a in Frameworks */,
			);
			runOnlyForDeploymentPostprocessing = 0;
		};
/* End PBXFrameworksBuildPhase section */

/* Begin PBXGroup section */
		4111A7837E6FB17A276B6AF2 /* Frameworks */ = {
			isa = PBXGroup;
			children = (
				4A58792C0C81FEC21E7D9F34 /* libPods-Flashcards.a */,
			);
			name = Frameworks;
			sourceTree = "<group>";
		};
		94160CE51E2910DB6A695A6E /* Pods */ = {
			isa = PBXGroup;
			children = (
				2B50B7305E268769D36C571F /* Pods-Flashcards.debug.xcconfig */,
				7908F68D2225E78230113298 /* Pods-Flashcards.release.xcconfig */,
			);
			path = Pods;
			sourceTree = "<group>";
		};
		E2881C3529E09F9300AD69A4 = {
			isa = PBXGroup;
			children = (
				E2881C4029E09F9300AD69A4 /* Flashcards */,
				E2881C3F29E09F9300AD69A4 /* Products */,
				94160CE51E2910DB6A695A6E /* Pods */,
				4111A7837E6FB17A276B6AF2 /* Frameworks */,
			);
			sourceTree = "<group>";
		};
		E2881C3F29E09F9300AD69A4 /* Products */ = {
			isa = PBXGroup;
			children = (
				E2881C3E29E09F9300AD69A4 /* Flashcards.app */,
			);
			name = Products;
			sourceTree = "<group>";
		};
		E2881C4029E09F9300AD69A4 /* Flashcards */ = {
			isa = PBXGroup;
			children = (
				E2881C6D29E4B86600AD69A4 /* Cards */,
				E2881C6C29E4B84400AD69A4 /* Radio */,
				E2881C6B29E4B81D00AD69A4 /* Translations */,
				E2881C6E29E4B87B00AD69A4 /* Publications */,
				E2C764C729E83D2B0062C485 /* Matches */,
				E2881C6729E4A3E600AD69A4 /* WebView.swift */,
				E2881C4329E09F9300AD69A4 /* ContentView.swift */,
				E2C764D229E8B2330062C485 /* Colors.swift */,
				E2881C4129E09F9300AD69A4 /* FlashcardsApp.swift */,
				E2C764D029E86E010062C485 /* Utils.swift */,
				E2881C4529E09F9700AD69A4 /* Assets.xcassets */,
				E2881C7729E6AE2C00AD69A4 /* Launch Screen.storyboard */,
				E2881C7629E605C500AD69A4 /* Info.plist */,
				E2881C7529E602F300AD69A4 /* Config.xcconfig */,
				E2881C4729E09F9700AD69A4 /* Preview Content */,
			);
			path = Flashcards;
			sourceTree = "<group>";
		};
		E2881C4729E09F9700AD69A4 /* Preview Content */ = {
			isa = PBXGroup;
			children = (
				E2881C4829E09F9700AD69A4 /* Preview Assets.xcassets */,
			);
			path = "Preview Content";
			sourceTree = "<group>";
		};
		E2881C6B29E4B81D00AD69A4 /* Translations */ = {
			isa = PBXGroup;
			children = (
				E2881C5329E432F100AD69A4 /* TranslationListView.swift */,
				E2881C5729E45BC000AD69A4 /* TranslationStore.swift */,
				E2881C5929E468B000AD69A4 /* TranslatedItem.swift */,
				E2B7E6E129FD9FD1007459E6 /* GeneratedTranslationItems.swift */,
			);
			path = Translations;
			sourceTree = "<group>";
		};
		E2881C6C29E4B84400AD69A4 /* Radio */ = {
			isa = PBXGroup;
			children = (
				E2881C5D29E4A36200AD69A4 /* RadioStations.swift */,
				E2881C6529E4A3CE00AD69A4 /* RadioStationView.swift */,
				E2881C5F29E4A38100AD69A4 /* SoundManager.swift */,
				E2881C7D29E6B3C100AD69A4 /* RadioListView.swift */,
				E2881C8129E7744100AD69A4 /* NowPlayingBar.swift */,
			);
			path = Radio;
			sourceTree = "<group>";
		};
		E2881C6D29E4B86600AD69A4 /* Cards */ = {
			isa = PBXGroup;
			children = (
				E2881C5529E4334200AD69A4 /* FlashcardView.swift */,
				E2881C4F29E0A23200AD69A4 /* Card.swift */,
				E2881C5129E0A25200AD69A4 /* CardView.swift */,
			);
			path = Cards;
			sourceTree = "<group>";
		};
		E2881C6E29E4B87B00AD69A4 /* Publications */ = {
			isa = PBXGroup;
			children = (
				E2881C7B29E6B2FD00AD69A4 /* JornaisListView.swift */,
				E2881C6129E4A39900AD69A4 /* PublicationView.swift */,
				E2881C6329E4A3B600AD69A4 /* Publication.swift */,
			);
			path = Publications;
			sourceTree = "<group>";
		};
		E2C764C729E83D2B0062C485 /* Matches */ = {
			isa = PBXGroup;
			children = (
				E2C764C829E83D590062C485 /* MatchesView.swift */,
				E2C764CE29E86AC90062C485 /* MatchesCardView.swift */,
			);
			path = Matches;
			sourceTree = "<group>";
		};
/* End PBXGroup section */

/* Begin PBXNativeTarget section */
		E2881C3D29E09F9300AD69A4 /* Flashcards */ = {
			isa = PBXNativeTarget;
			buildConfigurationList = E2881C4C29E09F9700AD69A4 /* Build configuration list for PBXNativeTarget "Flashcards" */;
			buildPhases = (
				B54E29AF4D0162956AABFA01 /* [CP] Check Pods Manifest.lock */,
				E2881C3A29E09F9300AD69A4 /* Sources */,
				E2881C3B29E09F9300AD69A4 /* Frameworks */,
				E2881C3C29E09F9300AD69A4 /* Resources */,
			);
			buildRules = (
			);
			dependencies = (
			);
			name = Flashcards;
			packageProductDependencies = (
				E27DB87329EC9D3600D3D974 /* ConfettiSwiftUI */,
			);
			productName = Flashcards;
			productReference = E2881C3E29E09F9300AD69A4 /* Flashcards.app */;
			productType = "com.apple.product-type.application";
		};
/* End PBXNativeTarget section */

/* Begin PBXProject section */
		E2881C3629E09F9300AD69A4 /* Project object */ = {
			isa = PBXProject;
			attributes = {
				BuildIndependentTargetsInParallel = 1;
				LastSwiftUpdateCheck = 1410;
				LastUpgradeCheck = 1410;
				TargetAttributes = {
					E2881C3D29E09F9300AD69A4 = {
						CreatedOnToolsVersion = 14.1;
					};
				};
			};
			buildConfigurationList = E2881C3929E09F9300AD69A4 /* Build configuration list for PBXProject "Flashcards" */;
			compatibilityVersion = "Xcode 14.0";
			developmentRegion = en;
			hasScannedForEncodings = 0;
			knownRegions = (
				en,
				Base,
			);
			mainGroup = E2881C3529E09F9300AD69A4;
			packageReferences = (
				E27DB87229EC9D3600D3D974 /* XCRemoteSwiftPackageReference "ConfettiSwiftUI" */,
			);
			productRefGroup = E2881C3F29E09F9300AD69A4 /* Products */;
			projectDirPath = "";
			projectRoot = "";
			targets = (
				E2881C3D29E09F9300AD69A4 /* Flashcards */,
			);
		};
/* End PBXProject section */

/* Begin PBXResourcesBuildPhase section */
		E2881C3C29E09F9300AD69A4 /* Resources */ = {
			isa = PBXResourcesBuildPhase;
			buildActionMask = 2147483647;
			files = (
				E2881C7829E6AE2C00AD69A4 /* Launch Screen.storyboard in Resources */,
				E2881C4929E09F9700AD69A4 /* Preview Assets.xcassets in Resources */,
				E2881C4629E09F9700AD69A4 /* Assets.xcassets in Resources */,
			);
			runOnlyForDeploymentPostprocessing = 0;
		};
/* End PBXResourcesBuildPhase section */

/* Begin PBXShellScriptBuildPhase section */
		B54E29AF4D0162956AABFA01 /* [CP] Check Pods Manifest.lock */ = {
			isa = PBXShellScriptBuildPhase;
			buildActionMask = 2147483647;
			files = (
			);
			inputFileListPaths = (
			);
			inputPaths = (
				"${PODS_PODFILE_DIR_PATH}/Podfile.lock",
				"${PODS_ROOT}/Manifest.lock",
			);
			name = "[CP] Check Pods Manifest.lock";
			outputFileListPaths = (
			);
			outputPaths = (
				"$(DERIVED_FILE_DIR)/Pods-Flashcards-checkManifestLockResult.txt",
			);
			runOnlyForDeploymentPostprocessing = 0;
			shellPath = /bin/sh;
			shellScript = "diff \"${PODS_PODFILE_DIR_PATH}/Podfile.lock\" \"${PODS_ROOT}/Manifest.lock\" > /dev/null\nif [ $? != 0 ] ; then\n    # print error to STDERR\n    echo \"error: The sandbox is not in sync with the Podfile.lock. Run 'pod install' or update your CocoaPods installation.\" >&2\n    exit 1\nfi\n# This output is used by Xcode 'outputs' to avoid re-running this script phase.\necho \"SUCCESS\" > \"${SCRIPT_OUTPUT_FILE_0}\"\n";
			showEnvVarsInLog = 0;
		};
/* End PBXShellScriptBuildPhase section */

/* Begin PBXSourcesBuildPhase section */
		E2881C3A29E09F9300AD69A4 /* Sources */ = {
			isa = PBXSourcesBuildPhase;
			buildActionMask = 2147483647;
			files = (
				E2881C5A29E468B000AD69A4 /* TranslatedItem.swift in Sources */,
				E2881C5829E45BC000AD69A4 /* TranslationStore.swift in Sources */,
				E2881C4429E09F9300AD69A4 /* ContentView.swift in Sources */,
				E2881C5629E4334200AD69A4 /* FlashcardView.swift in Sources */,
				E2881C5029E0A23200AD69A4 /* Card.swift in Sources */,
				E2881C7E29E6B3C100AD69A4 /* RadioListView.swift in Sources */,
				E2B7E6E229FD9FD1007459E6 /* GeneratedTranslationItems.swift in Sources */,
				E2881C6229E4A39900AD69A4 /* PublicationView.swift in Sources */,
				E2881C6429E4A3B600AD69A4 /* Publication.swift in Sources */,
				E2881C5229E0A25200AD69A4 /* CardView.swift in Sources */,
				E2881C4229E09F9300AD69A4 /* FlashcardsApp.swift in Sources */,
				E2C764D329E8B2330062C485 /* Colors.swift in Sources */,
				E2881C8229E7744100AD69A4 /* NowPlayingBar.swift in Sources */,
				E2881C6629E4A3CE00AD69A4 /* RadioStationView.swift in Sources */,
				E2881C5429E432F100AD69A4 /* TranslationListView.swift in Sources */,
				E2881C5E29E4A36200AD69A4 /* RadioStations.swift in Sources */,
				E2881C7C29E6B2FD00AD69A4 /* JornaisListView.swift in Sources */,
				E2881C6029E4A38100AD69A4 /* SoundManager.swift in Sources */,
				E2C764D129E86E010062C485 /* Utils.swift in Sources */,
				E2C764C929E83D590062C485 /* MatchesView.swift in Sources */,
				E2C764CF29E86AC90062C485 /* MatchesCardView.swift in Sources */,
				E2881C6829E4A3E600AD69A4 /* WebView.swift in Sources */,
			);
			runOnlyForDeploymentPostprocessing = 0;
		};
/* End PBXSourcesBuildPhase section */

/* Begin XCBuildConfiguration section */
		E2881C4A29E09F9700AD69A4 /* Debug */ = {
			isa = XCBuildConfiguration;
			baseConfigurationReference = E2881C7529E602F300AD69A4 /* Config.xcconfig */;
			buildSettings = {
				ALWAYS_SEARCH_USER_PATHS = NO;
				CLANG_ANALYZER_NONNULL = YES;
				CLANG_ANALYZER_NUMBER_OBJECT_CONVERSION = YES_AGGRESSIVE;
				CLANG_CXX_LANGUAGE_STANDARD = "gnu++20";
				CLANG_ENABLE_MODULES = YES;
				CLANG_ENABLE_OBJC_ARC = YES;
				CLANG_ENABLE_OBJC_WEAK = YES;
				CLANG_WARN_BLOCK_CAPTURE_AUTORELEASING = YES;
				CLANG_WARN_BOOL_CONVERSION = YES;
				CLANG_WARN_COMMA = YES;
				CLANG_WARN_CONSTANT_CONVERSION = YES;
				CLANG_WARN_DEPRECATED_OBJC_IMPLEMENTATIONS = YES;
				CLANG_WARN_DIRECT_OBJC_ISA_USAGE = YES_ERROR;
				CLANG_WARN_DOCUMENTATION_COMMENTS = YES;
				CLANG_WARN_EMPTY_BODY = YES;
				CLANG_WARN_ENUM_CONVERSION = YES;
				CLANG_WARN_INFINITE_RECURSION = YES;
				CLANG_WARN_INT_CONVERSION = YES;
				CLANG_WARN_NON_LITERAL_NULL_CONVERSION = YES;
				CLANG_WARN_OBJC_IMPLICIT_RETAIN_SELF = YES;
				CLANG_WARN_OBJC_LITERAL_CONVERSION = YES;
				CLANG_WARN_OBJC_ROOT_CLASS = YES_ERROR;
				CLANG_WARN_QUOTED_INCLUDE_IN_FRAMEWORK_HEADER = YES;
				CLANG_WARN_RANGE_LOOP_ANALYSIS = YES;
				CLANG_WARN_STRICT_PROTOTYPES = YES;
				CLANG_WARN_SUSPICIOUS_MOVE = YES;
				CLANG_WARN_UNGUARDED_AVAILABILITY = YES_AGGRESSIVE;
				CLANG_WARN_UNREACHABLE_CODE = YES;
				CLANG_WARN__DUPLICATE_METHOD_MATCH = YES;
				COPY_PHASE_STRIP = NO;
				DEBUG_INFORMATION_FORMAT = dwarf;
				ENABLE_STRICT_OBJC_MSGSEND = YES;
				ENABLE_TESTABILITY = YES;
				GCC_C_LANGUAGE_STANDARD = gnu11;
				GCC_DYNAMIC_NO_PIC = NO;
				GCC_NO_COMMON_BLOCKS = YES;
				GCC_OPTIMIZATION_LEVEL = 0;
				GCC_PREPROCESSOR_DEFINITIONS = (
					"DEBUG=1",
					"$(inherited)",
				);
				GCC_WARN_64_TO_32_BIT_CONVERSION = YES;
				GCC_WARN_ABOUT_RETURN_TYPE = YES_ERROR;
				GCC_WARN_UNDECLARED_SELECTOR = YES;
				GCC_WARN_UNINITIALIZED_AUTOS = YES_AGGRESSIVE;
				GCC_WARN_UNUSED_FUNCTION = YES;
				GCC_WARN_UNUSED_VARIABLE = YES;
				IPHONEOS_DEPLOYMENT_TARGET = 16.0;
				MTL_ENABLE_DEBUG_INFO = INCLUDE_SOURCE;
				MTL_FAST_MATH = YES;
				ONLY_ACTIVE_ARCH = YES;
				SDKROOT = iphoneos;
				SWIFT_ACTIVE_COMPILATION_CONDITIONS = DEBUG;
				SWIFT_OPTIMIZATION_LEVEL = "-Onone";
			};
			name = Debug;
		};
		E2881C4B29E09F9700AD69A4 /* Release */ = {
			isa = XCBuildConfiguration;
			baseConfigurationReference = E2881C7529E602F300AD69A4 /* Config.xcconfig */;
			buildSettings = {
				ALWAYS_SEARCH_USER_PATHS = NO;
				CLANG_ANALYZER_NONNULL = YES;
				CLANG_ANALYZER_NUMBER_OBJECT_CONVERSION = YES_AGGRESSIVE;
				CLANG_CXX_LANGUAGE_STANDARD = "gnu++20";
				CLANG_ENABLE_MODULES = YES;
				CLANG_ENABLE_OBJC_ARC = YES;
				CLANG_ENABLE_OBJC_WEAK = YES;
				CLANG_WARN_BLOCK_CAPTURE_AUTORELEASING = YES;
				CLANG_WARN_BOOL_CONVERSION = YES;
				CLANG_WARN_COMMA = YES;
				CLANG_WARN_CONSTANT_CONVERSION = YES;
				CLANG_WARN_DEPRECATED_OBJC_IMPLEMENTATIONS = YES;
				CLANG_WARN_DIRECT_OBJC_ISA_USAGE = YES_ERROR;
				CLANG_WARN_DOCUMENTATION_COMMENTS = YES;
				CLANG_WARN_EMPTY_BODY = YES;
				CLANG_WARN_ENUM_CONVERSION = YES;
				CLANG_WARN_INFINITE_RECURSION = YES;
				CLANG_WARN_INT_CONVERSION = YES;
				CLANG_WARN_NON_LITERAL_NULL_CONVERSION = YES;
				CLANG_WARN_OBJC_IMPLICIT_RETAIN_SELF = YES;
				CLANG_WARN_OBJC_LITERAL_CONVERSION = YES;
				CLANG_WARN_OBJC_ROOT_CLASS = YES_ERROR;
				CLANG_WARN_QUOTED_INCLUDE_IN_FRAMEWORK_HEADER = YES;
				CLANG_WARN_RANGE_LOOP_ANALYSIS = YES;
				CLANG_WARN_STRICT_PROTOTYPES = YES;
				CLANG_WARN_SUSPICIOUS_MOVE = YES;
				CLANG_WARN_UNGUARDED_AVAILABILITY = YES_AGGRESSIVE;
				CLANG_WARN_UNREACHABLE_CODE = YES;
				CLANG_WARN__DUPLICATE_METHOD_MATCH = YES;
				COPY_PHASE_STRIP = NO;
				DEBUG_INFORMATION_FORMAT = "dwarf-with-dsym";
				ENABLE_NS_ASSERTIONS = NO;
				ENABLE_STRICT_OBJC_MSGSEND = YES;
				GCC_C_LANGUAGE_STANDARD = gnu11;
				GCC_NO_COMMON_BLOCKS = YES;
				GCC_WARN_64_TO_32_BIT_CONVERSION = YES;
				GCC_WARN_ABOUT_RETURN_TYPE = YES_ERROR;
				GCC_WARN_UNDECLARED_SELECTOR = YES;
				GCC_WARN_UNINITIALIZED_AUTOS = YES_AGGRESSIVE;
				GCC_WARN_UNUSED_FUNCTION = YES;
				GCC_WARN_UNUSED_VARIABLE = YES;
				IPHONEOS_DEPLOYMENT_TARGET = 16.0;
				MTL_ENABLE_DEBUG_INFO = NO;
				MTL_FAST_MATH = YES;
				SDKROOT = iphoneos;
				SWIFT_COMPILATION_MODE = wholemodule;
				SWIFT_OPTIMIZATION_LEVEL = "-O";
				VALIDATE_PRODUCT = YES;
			};
			name = Release;
		};
		E2881C4D29E09F9700AD69A4 /* Debug */ = {
			isa = XCBuildConfiguration;
			baseConfigurationReference = 2B50B7305E268769D36C571F /* Pods-Flashcards.debug.xcconfig */;
			buildSettings = {
				ASSETCATALOG_COMPILER_APPICON_NAME = AppIcon;
				ASSETCATALOG_COMPILER_GLOBAL_ACCENT_COLOR_NAME = AccentColor;
				CODE_SIGN_STYLE = Automatic;
				CURRENT_PROJECT_VERSION = 1;
				DEVELOPMENT_ASSET_PATHS = "\"Flashcards/Preview Content\"";
				DEVELOPMENT_TEAM = 76JCT53BXS;
				ENABLE_PREVIEWS = YES;
				GENERATE_INFOPLIST_FILE = YES;
				INFOPLIST_FILE = Flashcards/Info.plist;
				INFOPLIST_KEY_CFBundleDisplayName = fala;
				INFOPLIST_KEY_LSApplicationCategoryType = "public.app-category.education";
				INFOPLIST_KEY_UIApplicationSceneManifest_Generation = YES;
				INFOPLIST_KEY_UIApplicationSupportsIndirectInputEvents = YES;
				INFOPLIST_KEY_UILaunchStoryboardName = "Launch Screen.storyboard";
				INFOPLIST_KEY_UIRequiresFullScreen = YES;
				INFOPLIST_KEY_UISupportedInterfaceOrientations = UIInterfaceOrientationPortrait;
				INFOPLIST_KEY_UIUserInterfaceStyle = Light;
				IPHONEOS_DEPLOYMENT_TARGET = 16.0;
				LD_RUNPATH_SEARCH_PATHS = (
					"$(inherited)",
					"@executable_path/Frameworks",
				);
				MARKETING_VERSION = 1.0;
				PRODUCT_BUNDLE_IDENTIFIER = test.fala;
				PRODUCT_NAME = "$(TARGET_NAME)";
				SWIFT_EMIT_LOC_STRINGS = YES;
				SWIFT_VERSION = 5.0;
				TARGETED_DEVICE_FAMILY = "1,2";
			};
			name = Debug;
		};
		E2881C4E29E09F9700AD69A4 /* Release */ = {
			isa = XCBuildConfiguration;
			baseConfigurationReference = 7908F68D2225E78230113298 /* Pods-Flashcards.release.xcconfig */;
			buildSettings = {
				ASSETCATALOG_COMPILER_APPICON_NAME = AppIcon;
				ASSETCATALOG_COMPILER_GLOBAL_ACCENT_COLOR_NAME = AccentColor;
				CODE_SIGN_STYLE = Automatic;
				CURRENT_PROJECT_VERSION = 1;
				DEVELOPMENT_ASSET_PATHS = "\"Flashcards/Preview Content\"";
				DEVELOPMENT_TEAM = 76JCT53BXS;
				ENABLE_PREVIEWS = YES;
				GENERATE_INFOPLIST_FILE = YES;
				INFOPLIST_FILE = Flashcards/Info.plist;
				INFOPLIST_KEY_CFBundleDisplayName = fala;
				INFOPLIST_KEY_LSApplicationCategoryType = "public.app-category.education";
				INFOPLIST_KEY_UIApplicationSceneManifest_Generation = YES;
				INFOPLIST_KEY_UIApplicationSupportsIndirectInputEvents = YES;
				INFOPLIST_KEY_UILaunchStoryboardName = "Launch Screen.storyboard";
				INFOPLIST_KEY_UIRequiresFullScreen = YES;
				INFOPLIST_KEY_UISupportedInterfaceOrientations = UIInterfaceOrientationPortrait;
				INFOPLIST_KEY_UIUserInterfaceStyle = Light;
				IPHONEOS_DEPLOYMENT_TARGET = 16.0;
				LD_RUNPATH_SEARCH_PATHS = (
					"$(inherited)",
					"@executable_path/Frameworks",
				);
				MARKETING_VERSION = 1.0;
				PRODUCT_BUNDLE_IDENTIFIER = test.fala;
				PRODUCT_NAME = "$(TARGET_NAME)";
				SWIFT_EMIT_LOC_STRINGS = YES;
				SWIFT_VERSION = 5.0;
				TARGETED_DEVICE_FAMILY = "1,2";
			};
			name = Release;
		};
/* End XCBuildConfiguration section */

/* Begin XCConfigurationList section */
		E2881C3929E09F9300AD69A4 /* Build configuration list for PBXProject "Flashcards" */ = {
			isa = XCConfigurationList;
			buildConfigurations = (
				E2881C4A29E09F9700AD69A4 /* Debug */,
				E2881C4B29E09F9700AD69A4 /* Release */,
			);
			defaultConfigurationIsVisible = 0;
			defaultConfigurationName = Release;
		};
		E2881C4C29E09F9700AD69A4 /* Build configuration list for PBXNativeTarget "Flashcards" */ = {
			isa = XCConfigurationList;
			buildConfigurations = (
				E2881C4D29E09F9700AD69A4 /* Debug */,
				E2881C4E29E09F9700AD69A4 /* Release */,
			);
			defaultConfigurationIsVisible = 0;
			defaultConfigurationName = Release;
		};
/* End XCConfigurationList section */

/* Begin XCRemoteSwiftPackageReference section */
		E27DB87229EC9D3600D3D974 /* XCRemoteSwiftPackageReference "ConfettiSwiftUI" */ = {
			isa = XCRemoteSwiftPackageReference;
			repositoryURL = "https://github.com/simibac/ConfettiSwiftUI.git";
			requirement = {
				kind = upToNextMajorVersion;
				minimumVersion = 1.0.0;
			};
		};
/* End XCRemoteSwiftPackageReference section */

/* Begin XCSwiftPackageProductDependency section */
		E27DB87329EC9D3600D3D974 /* ConfettiSwiftUI */ = {
			isa = XCSwiftPackageProductDependency;
			package = E27DB87229EC9D3600D3D974 /* XCRemoteSwiftPackageReference "ConfettiSwiftUI" */;
			productName = ConfettiSwiftUI;
		};
/* End XCSwiftPackageProductDependency section */
	};
	rootObject = E2881C3629E09F9300AD69A4 /* Project object */;
}
